// !$*UTF8*$!
{
	archiveVersion = 1;
	classes = {
	};
	objectVersion = 55;
	objects = {

/* Begin PBXBuildFile section */
		350FB54128B66AFD00FC39C3 /* .gitignore in Resources */ = {isa = PBXBuildFile; fileRef = 350FB54028B66AFD00FC39C3 /* .gitignore */; };
		350FB54328B66B1100FC39C3 /* APIKey.swift in Sources */ = {isa = PBXBuildFile; fileRef = 350FB54228B66B1100FC39C3 /* APIKey.swift */; };
		350FB54628B66C3600FC39C3 /* Alamofire in Frameworks */ = {isa = PBXBuildFile; productRef = 350FB54528B66C3600FC39C3 /* Alamofire */; };
		350FB54828B6CE6400FC39C3 /* DataViewController.swift in Sources */ = {isa = PBXBuildFile; fileRef = 350FB54728B6CE6400FC39C3 /* DataViewController.swift */; };
		350FB54A28B6CE7800FC39C3 /* DataView.swift in Sources */ = {isa = PBXBuildFile; fileRef = 350FB54928B6CE7800FC39C3 /* DataView.swift */; };
		350FB54E28B6D1F500FC39C3 /* Kingfisher in Frameworks */ = {isa = PBXBuildFile; productRef = 350FB54D28B6D1F500FC39C3 /* Kingfisher */; };
		350FB55128B6D62600FC39C3 /* SwiftyJSON in Frameworks */ = {isa = PBXBuildFile; productRef = 350FB55028B6D62600FC39C3 /* SwiftyJSON */; };
		350FB55328B6D65B00FC39C3 /* SearchImageView.swift in Sources */ = {isa = PBXBuildFile; fileRef = 350FB55228B6D65B00FC39C3 /* SearchImageView.swift */; };
		350FB55528B6D66500FC39C3 /* SearchImageViewController.swift in Sources */ = {isa = PBXBuildFile; fileRef = 350FB55428B6D66500FC39C3 /* SearchImageViewController.swift */; };
		350FB55828B6E08E00FC39C3 /* SearchImageCollectionViewCell.swift in Sources */ = {isa = PBXBuildFile; fileRef = 350FB55728B6E08E00FC39C3 /* SearchImageCollectionViewCell.swift */; };
		350FB55B28B7015700FC39C3 /* Zip in Frameworks */ = {isa = PBXBuildFile; productRef = 350FB55A28B7015700FC39C3 /* Zip */; };
		35177D5A28B5216800A57FF1 /* DiaryViewController.swift in Sources */ = {isa = PBXBuildFile; fileRef = 35177D5928B5216800A57FF1 /* DiaryViewController.swift */; };
		35177D5C28B5224400A57FF1 /* DiaryView.swift in Sources */ = {isa = PBXBuildFile; fileRef = 35177D5B28B5224400A57FF1 /* DiaryView.swift */; };
		35177D5E28B533C100A57FF1 /* WriteViewController.swift in Sources */ = {isa = PBXBuildFile; fileRef = 35177D5D28B533C100A57FF1 /* WriteViewController.swift */; };
		35177D6028B533E600A57FF1 /* WriteView.swift in Sources */ = {isa = PBXBuildFile; fileRef = 35177D5F28B533E600A57FF1 /* WriteView.swift */; };
		35177D6328B537BB00A57FF1 /* SnapKit in Frameworks */ = {isa = PBXBuildFile; productRef = 35177D6228B537BB00A57FF1 /* SnapKit */; };
		35177D6528B5396A00A57FF1 /* DiaryTableViewCell.swift in Sources */ = {isa = PBXBuildFile; fileRef = 35177D6428B5396A00A57FF1 /* DiaryTableViewCell.swift */; };
		35177D6A28B5887800A57FF1 /* Realm in Frameworks */ = {isa = PBXBuildFile; productRef = 35177D6928B5887800A57FF1 /* Realm */; };
		35177D6C28B5887800A57FF1 /* RealmSwift in Frameworks */ = {isa = PBXBuildFile; productRef = 35177D6B28B5887800A57FF1 /* RealmSwift */; };
		35177D6E28B5888F00A57FF1 /* DiaryModel.swift in Sources */ = {isa = PBXBuildFile; fileRef = 35177D6D28B5888F00A57FF1 /* DiaryModel.swift */; };
		3573CD88287BA40300569CB7 /* AppDelegate.swift in Sources */ = {isa = PBXBuildFile; fileRef = 3573CD87287BA40300569CB7 /* AppDelegate.swift */; };
		3573CD8A287BA40300569CB7 /* SceneDelegate.swift in Sources */ = {isa = PBXBuildFile; fileRef = 3573CD89287BA40300569CB7 /* SceneDelegate.swift */; };
		3573CD8C287BA40300569CB7 /* ViewController.swift in Sources */ = {isa = PBXBuildFile; fileRef = 3573CD8B287BA40300569CB7 /* ViewController.swift */; };
		3573CD8F287BA40300569CB7 /* Main.storyboard in Resources */ = {isa = PBXBuildFile; fileRef = 3573CD8D287BA40300569CB7 /* Main.storyboard */; };
		3573CD91287BA40500569CB7 /* Assets.xcassets in Resources */ = {isa = PBXBuildFile; fileRef = 3573CD90287BA40500569CB7 /* Assets.xcassets */; };
		3573CD94287BA40500569CB7 /* LaunchScreen.storyboard in Resources */ = {isa = PBXBuildFile; fileRef = 3573CD92287BA40500569CB7 /* LaunchScreen.storyboard */; };
/* End PBXBuildFile section */

/* Begin PBXFileReference section */
		350FB54028B66AFD00FC39C3 /* .gitignore */ = {isa = PBXFileReference; lastKnownFileType = text; path = .gitignore; sourceTree = "<group>"; };
		350FB54228B66B1100FC39C3 /* APIKey.swift */ = {isa = PBXFileReference; lastKnownFileType = sourcecode.swift; path = APIKey.swift; sourceTree = "<group>"; };
		350FB54728B6CE6400FC39C3 /* DataViewController.swift */ = {isa = PBXFileReference; lastKnownFileType = sourcecode.swift; path = DataViewController.swift; sourceTree = "<group>"; };
		350FB54928B6CE7800FC39C3 /* DataView.swift */ = {isa = PBXFileReference; lastKnownFileType = sourcecode.swift; path = DataView.swift; sourceTree = "<group>"; };
		350FB55228B6D65B00FC39C3 /* SearchImageView.swift */ = {isa = PBXFileReference; lastKnownFileType = sourcecode.swift; path = SearchImageView.swift; sourceTree = "<group>"; };
		350FB55428B6D66500FC39C3 /* SearchImageViewController.swift */ = {isa = PBXFileReference; lastKnownFileType = sourcecode.swift; path = SearchImageViewController.swift; sourceTree = "<group>"; };
		350FB55728B6E08E00FC39C3 /* SearchImageCollectionViewCell.swift */ = {isa = PBXFileReference; lastKnownFileType = sourcecode.swift; path = SearchImageCollectionViewCell.swift; sourceTree = "<group>"; };
		35177D5928B5216800A57FF1 /* DiaryViewController.swift */ = {isa = PBXFileReference; lastKnownFileType = sourcecode.swift; path = DiaryViewController.swift; sourceTree = "<group>"; };
		35177D5B28B5224400A57FF1 /* DiaryView.swift */ = {isa = PBXFileReference; lastKnownFileType = sourcecode.swift; path = DiaryView.swift; sourceTree = "<group>"; };
		35177D5D28B533C100A57FF1 /* WriteViewController.swift */ = {isa = PBXFileReference; lastKnownFileType = sourcecode.swift; path = WriteViewController.swift; sourceTree = "<group>"; };
		35177D5F28B533E600A57FF1 /* WriteView.swift */ = {isa = PBXFileReference; lastKnownFileType = sourcecode.swift; path = WriteView.swift; sourceTree = "<group>"; };
		35177D6428B5396A00A57FF1 /* DiaryTableViewCell.swift */ = {isa = PBXFileReference; lastKnownFileType = sourcecode.swift; path = DiaryTableViewCell.swift; sourceTree = "<group>"; };
		35177D6D28B5888F00A57FF1 /* DiaryModel.swift */ = {isa = PBXFileReference; lastKnownFileType = sourcecode.swift; path = DiaryModel.swift; sourceTree = "<group>"; };
		3573CD84287BA40300569CB7 /* newlyCoinedWordProject.app */ = {isa = PBXFileReference; explicitFileType = wrapper.application; includeInIndex = 0; path = newlyCoinedWordProject.app; sourceTree = BUILT_PRODUCTS_DIR; };
		3573CD87287BA40300569CB7 /* AppDelegate.swift */ = {isa = PBXFileReference; lastKnownFileType = sourcecode.swift; path = AppDelegate.swift; sourceTree = "<group>"; };
		3573CD89287BA40300569CB7 /* SceneDelegate.swift */ = {isa = PBXFileReference; lastKnownFileType = sourcecode.swift; path = SceneDelegate.swift; sourceTree = "<group>"; };
		3573CD8B287BA40300569CB7 /* ViewController.swift */ = {isa = PBXFileReference; lastKnownFileType = sourcecode.swift; path = ViewController.swift; sourceTree = "<group>"; };
		3573CD8E287BA40300569CB7 /* Base */ = {isa = PBXFileReference; lastKnownFileType = file.storyboard; name = Base; path = Base.lproj/Main.storyboard; sourceTree = "<group>"; };
		3573CD90287BA40500569CB7 /* Assets.xcassets */ = {isa = PBXFileReference; lastKnownFileType = folder.assetcatalog; path = Assets.xcassets; sourceTree = "<group>"; };
		3573CD93287BA40500569CB7 /* Base */ = {isa = PBXFileReference; lastKnownFileType = file.storyboard; name = Base; path = Base.lproj/LaunchScreen.storyboard; sourceTree = "<group>"; };
		3573CD95287BA40500569CB7 /* Info.plist */ = {isa = PBXFileReference; lastKnownFileType = text.plist.xml; path = Info.plist; sourceTree = "<group>"; };
/* End PBXFileReference section */

/* Begin PBXFrameworksBuildPhase section */
		3573CD81287BA40300569CB7 /* Frameworks */ = {
			isa = PBXFrameworksBuildPhase;
			buildActionMask = 2147483647;
			files = (
				350FB55B28B7015700FC39C3 /* Zip in Frameworks */,
				350FB55128B6D62600FC39C3 /* SwiftyJSON in Frameworks */,
				35177D6C28B5887800A57FF1 /* RealmSwift in Frameworks */,
				350FB54628B66C3600FC39C3 /* Alamofire in Frameworks */,
				35177D6A28B5887800A57FF1 /* Realm in Frameworks */,
				35177D6328B537BB00A57FF1 /* SnapKit in Frameworks */,
				350FB54E28B6D1F500FC39C3 /* Kingfisher in Frameworks */,
			);
			runOnlyForDeploymentPostprocessing = 0;
		};
/* End PBXFrameworksBuildPhase section */

/* Begin PBXGroup section */
		350FB54B28B6CE7B00FC39C3 /* Data */ = {
			isa = PBXGroup;
			children = (
				350FB54728B6CE6400FC39C3 /* DataViewController.swift */,
				350FB54928B6CE7800FC39C3 /* DataView.swift */,
			);
			path = Data;
			sourceTree = "<group>";
		};
		350FB55628B6D66900FC39C3 /* SearchImage */ = {
			isa = PBXGroup;
			children = (
				350FB55228B6D65B00FC39C3 /* SearchImageView.swift */,
				350FB55428B6D66500FC39C3 /* SearchImageViewController.swift */,
				350FB55728B6E08E00FC39C3 /* SearchImageCollectionViewCell.swift */,
			);
			path = SearchImage;
			sourceTree = "<group>";
		};
		35177D6628B57F9B00A57FF1 /* Diary */ = {
			isa = PBXGroup;
			children = (
				35177D5928B5216800A57FF1 /* DiaryViewController.swift */,
				35177D5B28B5224400A57FF1 /* DiaryView.swift */,
				35177D6428B5396A00A57FF1 /* DiaryTableViewCell.swift */,
			);
			path = Diary;
			sourceTree = "<group>";
		};
		35177D6728B57FA400A57FF1 /* Write */ = {
			isa = PBXGroup;
			children = (
				35177D5D28B533C100A57FF1 /* WriteViewController.swift */,
				35177D5F28B533E600A57FF1 /* WriteView.swift */,
			);
			path = Write;
			sourceTree = "<group>";
		};
		3573CD7B287BA40300569CB7 = {
			isa = PBXGroup;
			children = (
				350FB54028B66AFD00FC39C3 /* .gitignore */,
				3573CD86287BA40300569CB7 /* newlyCoinedWordProject */,
				3573CD85287BA40300569CB7 /* Products */,
			);
			sourceTree = "<group>";
		};
		3573CD85287BA40300569CB7 /* Products */ = {
			isa = PBXGroup;
			children = (
				3573CD84287BA40300569CB7 /* newlyCoinedWordProject.app */,
			);
			name = Products;
			sourceTree = "<group>";
		};
		3573CD86287BA40300569CB7 /* newlyCoinedWordProject */ = {
			isa = PBXGroup;
			children = (
				35177D6D28B5888F00A57FF1 /* DiaryModel.swift */,
				35177D6628B57F9B00A57FF1 /* Diary */,
				35177D6728B57FA400A57FF1 /* Write */,
				350FB54B28B6CE7B00FC39C3 /* Data */,
				350FB55628B6D66900FC39C3 /* SearchImage */,
				3573CD8D287BA40300569CB7 /* Main.storyboard */,
				350FB54228B66B1100FC39C3 /* APIKey.swift */,
				3573CD87287BA40300569CB7 /* AppDelegate.swift */,
				3573CD89287BA40300569CB7 /* SceneDelegate.swift */,
				3573CD8B287BA40300569CB7 /* ViewController.swift */,
				3573CD90287BA40500569CB7 /* Assets.xcassets */,
				3573CD92287BA40500569CB7 /* LaunchScreen.storyboard */,
				3573CD95287BA40500569CB7 /* Info.plist */,
			);
			path = newlyCoinedWordProject;
			sourceTree = "<group>";
		};
/* End PBXGroup section */

/* Begin PBXNativeTarget section */
		3573CD83287BA40300569CB7 /* newlyCoinedWordProject */ = {
			isa = PBXNativeTarget;
			buildConfigurationList = 3573CD98287BA40500569CB7 /* Build configuration list for PBXNativeTarget "newlyCoinedWordProject" */;
			buildPhases = (
				3573CD80287BA40300569CB7 /* Sources */,
				3573CD81287BA40300569CB7 /* Frameworks */,
				3573CD82287BA40300569CB7 /* Resources */,
			);
			buildRules = (
			);
			dependencies = (
			);
			name = newlyCoinedWordProject;
			packageProductDependencies = (
				35177D6228B537BB00A57FF1 /* SnapKit */,
				35177D6928B5887800A57FF1 /* Realm */,
				35177D6B28B5887800A57FF1 /* RealmSwift */,
				350FB54528B66C3600FC39C3 /* Alamofire */,
				350FB54D28B6D1F500FC39C3 /* Kingfisher */,
				350FB55028B6D62600FC39C3 /* SwiftyJSON */,
				350FB55A28B7015700FC39C3 /* Zip */,
			);
			productName = newlyCoinedWordProject;
			productReference = 3573CD84287BA40300569CB7 /* newlyCoinedWordProject.app */;
			productType = "com.apple.product-type.application";
		};
/* End PBXNativeTarget section */

/* Begin PBXProject section */
		3573CD7C287BA40300569CB7 /* Project object */ = {
			isa = PBXProject;
			attributes = {
				BuildIndependentTargetsInParallel = 1;
				LastSwiftUpdateCheck = 1340;
				LastUpgradeCheck = 1340;
				TargetAttributes = {
					3573CD83287BA40300569CB7 = {
						CreatedOnToolsVersion = 13.4.1;
					};
				};
			};
			buildConfigurationList = 3573CD7F287BA40300569CB7 /* Build configuration list for PBXProject "newlyCoinedWordProject" */;
			compatibilityVersion = "Xcode 13.0";
			developmentRegion = en;
			hasScannedForEncodings = 0;
			knownRegions = (
				en,
				Base,
			);
			mainGroup = 3573CD7B287BA40300569CB7;
			packageReferences = (
				35177D6128B537BB00A57FF1 /* XCRemoteSwiftPackageReference "SnapKit" */,
				35177D6828B5887800A57FF1 /* XCRemoteSwiftPackageReference "realm-swift" */,
				350FB54428B66C3600FC39C3 /* XCRemoteSwiftPackageReference "Alamofire" */,
				350FB54C28B6D1F500FC39C3 /* XCRemoteSwiftPackageReference "Kingfisher" */,
				350FB54F28B6D62600FC39C3 /* XCRemoteSwiftPackageReference "SwiftyJSON" */,
				350FB55928B7015700FC39C3 /* XCRemoteSwiftPackageReference "Zip" */,
			);
			productRefGroup = 3573CD85287BA40300569CB7 /* Products */;
			projectDirPath = "";
			projectRoot = "";
			targets = (
				3573CD83287BA40300569CB7 /* newlyCoinedWordProject */,
			);
		};
/* End PBXProject section */

/* Begin PBXResourcesBuildPhase section */
		3573CD82287BA40300569CB7 /* Resources */ = {
			isa = PBXResourcesBuildPhase;
			buildActionMask = 2147483647;
			files = (
				350FB54128B66AFD00FC39C3 /* .gitignore in Resources */,
				3573CD94287BA40500569CB7 /* LaunchScreen.storyboard in Resources */,
				3573CD91287BA40500569CB7 /* Assets.xcassets in Resources */,
				3573CD8F287BA40300569CB7 /* Main.storyboard in Resources */,
			);
			runOnlyForDeploymentPostprocessing = 0;
		};
/* End PBXResourcesBuildPhase section */

/* Begin PBXSourcesBuildPhase section */
		3573CD80287BA40300569CB7 /* Sources */ = {
			isa = PBXSourcesBuildPhase;
			buildActionMask = 2147483647;
			files = (
				35177D5E28B533C100A57FF1 /* WriteViewController.swift in Sources */,
				35177D5C28B5224400A57FF1 /* DiaryView.swift in Sources */,
				35177D5A28B5216800A57FF1 /* DiaryViewController.swift in Sources */,
				3573CD8C287BA40300569CB7 /* ViewController.swift in Sources */,
				350FB54328B66B1100FC39C3 /* APIKey.swift in Sources */,
				350FB55828B6E08E00FC39C3 /* SearchImageCollectionViewCell.swift in Sources */,
				3573CD88287BA40300569CB7 /* AppDelegate.swift in Sources */,
				350FB54A28B6CE7800FC39C3 /* DataView.swift in Sources */,
				3573CD8A287BA40300569CB7 /* SceneDelegate.swift in Sources */,
				350FB55528B6D66500FC39C3 /* SearchImageViewController.swift in Sources */,
				35177D6028B533E600A57FF1 /* WriteView.swift in Sources */,
				35177D6E28B5888F00A57FF1 /* DiaryModel.swift in Sources */,
				35177D6528B5396A00A57FF1 /* DiaryTableViewCell.swift in Sources */,
				350FB55328B6D65B00FC39C3 /* SearchImageView.swift in Sources */,
				350FB54828B6CE6400FC39C3 /* DataViewController.swift in Sources */,
			);
			runOnlyForDeploymentPostprocessing = 0;
		};
/* End PBXSourcesBuildPhase section */

/* Begin PBXVariantGroup section */
		3573CD8D287BA40300569CB7 /* Main.storyboard */ = {
			isa = PBXVariantGroup;
			children = (
				3573CD8E287BA40300569CB7 /* Base */,
			);
			name = Main.storyboard;
			sourceTree = "<group>";
		};
		3573CD92287BA40500569CB7 /* LaunchScreen.storyboard */ = {
			isa = PBXVariantGroup;
			children = (
				3573CD93287BA40500569CB7 /* Base */,
			);
			name = LaunchScreen.storyboard;
			sourceTree = "<group>";
		};
/* End PBXVariantGroup section */

/* Begin XCBuildConfiguration section */
		3573CD96287BA40500569CB7 /* Debug */ = {
			isa = XCBuildConfiguration;
			buildSettings = {
				ALWAYS_SEARCH_USER_PATHS = NO;
				CLANG_ANALYZER_NONNULL = YES;
				CLANG_ANALYZER_NUMBER_OBJECT_CONVERSION = YES_AGGRESSIVE;
				CLANG_CXX_LANGUAGE_STANDARD = "gnu++17";
				CLANG_ENABLE_MODULES = YES;
				CLANG_ENABLE_OBJC_ARC = YES;
				CLANG_ENABLE_OBJC_WEAK = YES;
				CLANG_WARN_BLOCK_CAPTURE_AUTORELEASING = YES;
				CLANG_WARN_BOOL_CONVERSION = YES;
				CLANG_WARN_COMMA = YES;
				CLANG_WARN_CONSTANT_CONVERSION = YES;
				CLANG_WARN_DEPRECATED_OBJC_IMPLEMENTATIONS = YES;
				CLANG_WARN_DIRECT_OBJC_ISA_USAGE = YES_ERROR;
				CLANG_WARN_DOCUMENTATION_COMMENTS = YES;
				CLANG_WARN_EMPTY_BODY = YES;
				CLANG_WARN_ENUM_CONVERSION = YES;
				CLANG_WARN_INFINITE_RECURSION = YES;
				CLANG_WARN_INT_CONVERSION = YES;
				CLANG_WARN_NON_LITERAL_NULL_CONVERSION = YES;
				CLANG_WARN_OBJC_IMPLICIT_RETAIN_SELF = YES;
				CLANG_WARN_OBJC_LITERAL_CONVERSION = YES;
				CLANG_WARN_OBJC_ROOT_CLASS = YES_ERROR;
				CLANG_WARN_QUOTED_INCLUDE_IN_FRAMEWORK_HEADER = YES;
				CLANG_WARN_RANGE_LOOP_ANALYSIS = YES;
				CLANG_WARN_STRICT_PROTOTYPES = YES;
				CLANG_WARN_SUSPICIOUS_MOVE = YES;
				CLANG_WARN_UNGUARDED_AVAILABILITY = YES_AGGRESSIVE;
				CLANG_WARN_UNREACHABLE_CODE = YES;
				CLANG_WARN__DUPLICATE_METHOD_MATCH = YES;
				COPY_PHASE_STRIP = NO;
				DEBUG_INFORMATION_FORMAT = dwarf;
				ENABLE_STRICT_OBJC_MSGSEND = YES;
				ENABLE_TESTABILITY = YES;
				GCC_C_LANGUAGE_STANDARD = gnu11;
				GCC_DYNAMIC_NO_PIC = NO;
				GCC_NO_COMMON_BLOCKS = YES;
				GCC_OPTIMIZATION_LEVEL = 0;
				GCC_PREPROCESSOR_DEFINITIONS = (
					"DEBUG=1",
					"$(inherited)",
				);
				GCC_WARN_64_TO_32_BIT_CONVERSION = YES;
				GCC_WARN_ABOUT_RETURN_TYPE = YES_ERROR;
				GCC_WARN_UNDECLARED_SELECTOR = YES;
				GCC_WARN_UNINITIALIZED_AUTOS = YES_AGGRESSIVE;
				GCC_WARN_UNUSED_FUNCTION = YES;
				GCC_WARN_UNUSED_VARIABLE = YES;
				IPHONEOS_DEPLOYMENT_TARGET = 15.5;
				MTL_ENABLE_DEBUG_INFO = INCLUDE_SOURCE;
				MTL_FAST_MATH = YES;
				ONLY_ACTIVE_ARCH = YES;
				SDKROOT = iphoneos;
				SWIFT_ACTIVE_COMPILATION_CONDITIONS = DEBUG;
				SWIFT_OPTIMIZATION_LEVEL = "-Onone";
			};
			name = Debug;
		};
		3573CD97287BA40500569CB7 /* Release */ = {
			isa = XCBuildConfiguration;
			buildSettings = {
				ALWAYS_SEARCH_USER_PATHS = NO;
				CLANG_ANALYZER_NONNULL = YES;
				CLANG_ANALYZER_NUMBER_OBJECT_CONVERSION = YES_AGGRESSIVE;
				CLANG_CXX_LANGUAGE_STANDARD = "gnu++17";
				CLANG_ENABLE_MODULES = YES;
				CLANG_ENABLE_OBJC_ARC = YES;
				CLANG_ENABLE_OBJC_WEAK = YES;
				CLANG_WARN_BLOCK_CAPTURE_AUTORELEASING = YES;
				CLANG_WARN_BOOL_CONVERSION = YES;
				CLANG_WARN_COMMA = YES;
				CLANG_WARN_CONSTANT_CONVERSION = YES;
				CLANG_WARN_DEPRECATED_OBJC_IMPLEMENTATIONS = YES;
				CLANG_WARN_DIRECT_OBJC_ISA_USAGE = YES_ERROR;
				CLANG_WARN_DOCUMENTATION_COMMENTS = YES;
				CLANG_WARN_EMPTY_BODY = YES;
				CLANG_WARN_ENUM_CONVERSION = YES;
				CLANG_WARN_INFINITE_RECURSION = YES;
				CLANG_WARN_INT_CONVERSION = YES;
				CLANG_WARN_NON_LITERAL_NULL_CONVERSION = YES;
				CLANG_WARN_OBJC_IMPLICIT_RETAIN_SELF = YES;
				CLANG_WARN_OBJC_LITERAL_CONVERSION = YES;
				CLANG_WARN_OBJC_ROOT_CLASS = YES_ERROR;
				CLANG_WARN_QUOTED_INCLUDE_IN_FRAMEWORK_HEADER = YES;
				CLANG_WARN_RANGE_LOOP_ANALYSIS = YES;
				CLANG_WARN_STRICT_PROTOTYPES = YES;
				CLANG_WARN_SUSPICIOUS_MOVE = YES;
				CLANG_WARN_UNGUARDED_AVAILABILITY = YES_AGGRESSIVE;
				CLANG_WARN_UNREACHABLE_CODE = YES;
				CLANG_WARN__DUPLICATE_METHOD_MATCH = YES;
				COPY_PHASE_STRIP = NO;
				DEBUG_INFORMATION_FORMAT = "dwarf-with-dsym";
				ENABLE_NS_ASSERTIONS = NO;
				ENABLE_STRICT_OBJC_MSGSEND = YES;
				GCC_C_LANGUAGE_STANDARD = gnu11;
				GCC_NO_COMMON_BLOCKS = YES;
				GCC_WARN_64_TO_32_BIT_CONVERSION = YES;
				GCC_WARN_ABOUT_RETURN_TYPE = YES_ERROR;
				GCC_WARN_UNDECLARED_SELECTOR = YES;
				GCC_WARN_UNINITIALIZED_AUTOS = YES_AGGRESSIVE;
				GCC_WARN_UNUSED_FUNCTION = YES;
				GCC_WARN_UNUSED_VARIABLE = YES;
				IPHONEOS_DEPLOYMENT_TARGET = 15.5;
				MTL_ENABLE_DEBUG_INFO = NO;
				MTL_FAST_MATH = YES;
				SDKROOT = iphoneos;
				SWIFT_COMPILATION_MODE = wholemodule;
				SWIFT_OPTIMIZATION_LEVEL = "-O";
				VALIDATE_PRODUCT = YES;
			};
			name = Release;
		};
		3573CD99287BA40500569CB7 /* Debug */ = {
			isa = XCBuildConfiguration;
			buildSettings = {
				ASSETCATALOG_COMPILER_APPICON_NAME = AppIcon;
				ASSETCATALOG_COMPILER_GLOBAL_ACCENT_COLOR_NAME = AccentColor;
				CODE_SIGN_STYLE = Automatic;
				CURRENT_PROJECT_VERSION = 1;
				DEVELOPMENT_TEAM = BG68R7N92W;
				GENERATE_INFOPLIST_FILE = YES;
				INFOPLIST_FILE = newlyCoinedWordProject/Info.plist;
				INFOPLIST_KEY_UIApplicationSupportsIndirectInputEvents = YES;
				INFOPLIST_KEY_UILaunchStoryboardName = LaunchScreen;
				INFOPLIST_KEY_UIMainStoryboardFile = Main;
				INFOPLIST_KEY_UISupportedInterfaceOrientations_iPad = "UIInterfaceOrientationPortrait UIInterfaceOrientationPortraitUpsideDown UIInterfaceOrientationLandscapeLeft UIInterfaceOrientationLandscapeRight";
				INFOPLIST_KEY_UISupportedInterfaceOrientations_iPhone = UIInterfaceOrientationPortrait;
				IPHONEOS_DEPLOYMENT_TARGET = 15.0;
				LD_RUNPATH_SEARCH_PATHS = (
					"$(inherited)",
					"@executable_path/Frameworks",
				);
				MARKETING_VERSION = 1.0;
				PRODUCT_BUNDLE_IDENTIFIER = com.soul.newlyCoinedWordProject;
				PRODUCT_NAME = "$(TARGET_NAME)";
				SWIFT_EMIT_LOC_STRINGS = YES;
				SWIFT_VERSION = 5.0;
				TARGETED_DEVICE_FAMILY = 1;
			};
			name = Debug;
		};
		3573CD9A287BA40500569CB7 /* Release */ = {
			isa = XCBuildConfiguration;
			buildSettings = {
				ASSETCATALOG_COMPILER_APPICON_NAME = AppIcon;
				ASSETCATALOG_COMPILER_GLOBAL_ACCENT_COLOR_NAME = AccentColor;
				CODE_SIGN_STYLE = Automatic;
				CURRENT_PROJECT_VERSION = 1;
				DEVELOPMENT_TEAM = BG68R7N92W;
				GENERATE_INFOPLIST_FILE = YES;
				INFOPLIST_FILE = newlyCoinedWordProject/Info.plist;
				INFOPLIST_KEY_UIApplicationSupportsIndirectInputEvents = YES;
				INFOPLIST_KEY_UILaunchStoryboardName = LaunchScreen;
				INFOPLIST_KEY_UIMainStoryboardFile = Main;
				INFOPLIST_KEY_UISupportedInterfaceOrientations_iPad = "UIInterfaceOrientationPortrait UIInterfaceOrientationPortraitUpsideDown UIInterfaceOrientationLandscapeLeft UIInterfaceOrientationLandscapeRight";
				INFOPLIST_KEY_UISupportedInterfaceOrientations_iPhone = UIInterfaceOrientationPortrait;
				IPHONEOS_DEPLOYMENT_TARGET = 15.0;
				LD_RUNPATH_SEARCH_PATHS = (
					"$(inherited)",
					"@executable_path/Frameworks",
				);
				MARKETING_VERSION = 1.0;
				PRODUCT_BUNDLE_IDENTIFIER = com.soul.newlyCoinedWordProject;
				PRODUCT_NAME = "$(TARGET_NAME)";
				SWIFT_EMIT_LOC_STRINGS = YES;
				SWIFT_VERSION = 5.0;
				TARGETED_DEVICE_FAMILY = 1;
			};
			name = Release;
		};
/* End XCBuildConfiguration section */

/* Begin XCConfigurationList section */
		3573CD7F287BA40300569CB7 /* Build configuration list for PBXProject "newlyCoinedWordProject" */ = {
			isa = XCConfigurationList;
			buildConfigurations = (
				3573CD96287BA40500569CB7 /* Debug */,
				3573CD97287BA40500569CB7 /* Release */,
			);
			defaultConfigurationIsVisible = 0;
			defaultConfigurationName = Release;
		};
		3573CD98287BA40500569CB7 /* Build configuration list for PBXNativeTarget "newlyCoinedWordProject" */ = {
			isa = XCConfigurationList;
			buildConfigurations = (
				3573CD99287BA40500569CB7 /* Debug */,
				3573CD9A287BA40500569CB7 /* Release */,
			);
			defaultConfigurationIsVisible = 0;
			defaultConfigurationName = Release;
		};
/* End XCConfigurationList section */

/* Begin XCRemoteSwiftPackageReference section */
		350FB54428B66C3600FC39C3 /* XCRemoteSwiftPackageReference "Alamofire" */ = {
			isa = XCRemoteSwiftPackageReference;
			repositoryURL = "https://github.com/Alamofire/Alamofire.git";
			requirement = {
				kind = upToNextMajorVersion;
				minimumVersion = 5.0.0;
			};
		};
		350FB54C28B6D1F500FC39C3 /* XCRemoteSwiftPackageReference "Kingfisher" */ = {
			isa = XCRemoteSwiftPackageReference;
			repositoryURL = "https://github.com/onevcat/Kingfisher.git";
			requirement = {
				kind = upToNextMajorVersion;
				minimumVersion = 7.0.0;
			};
		};
		350FB54F28B6D62600FC39C3 /* XCRemoteSwiftPackageReference "SwiftyJSON" */ = {
			isa = XCRemoteSwiftPackageReference;
			repositoryURL = "https://github.com/SwiftyJSON/SwiftyJSON.git";
			requirement = {
				kind = upToNextMajorVersion;
				minimumVersion = 5.0.0;
			};
		};
		350FB55928B7015700FC39C3 /* XCRemoteSwiftPackageReference "Zip" */ = {
			isa = XCRemoteSwiftPackageReference;
			repositoryURL = "https://github.com/marmelroy/Zip.git";
			requirement = {
				kind = upToNextMajorVersion;
				minimumVersion = 2.0.0;
			};
		};
		35177D6128B537BB00A57FF1 /* XCRemoteSwiftPackageReference "SnapKit" */ = {
			isa = XCRemoteSwiftPackageReference;
			repositoryURL = "https://github.com/SnapKit/SnapKit.git";
			requirement = {
				kind = upToNextMajorVersion;
				minimumVersion = 5.0.0;
			};
		};
		35177D6828B5887800A57FF1 /* XCRemoteSwiftPackageReference "realm-swift" */ = {
			isa = XCRemoteSwiftPackageReference;
			repositoryURL = "https://github.com/realm/realm-swift.git";
			requirement = {
				kind = upToNextMajorVersion;
				minimumVersion = 10.0.0;
			};
		};
/* End XCRemoteSwiftPackageReference section */

/* Begin XCSwiftPackageProductDependency section */
		350FB54528B66C3600FC39C3 /* Alamofire */ = {
			isa = XCSwiftPackageProductDependency;
			package = 350FB54428B66C3600FC39C3 /* XCRemoteSwiftPackageReference "Alamofire" */;
			productName = Alamofire;
		};
		350FB54D28B6D1F500FC39C3 /* Kingfisher */ = {
			isa = XCSwiftPackageProductDependency;
			package = 350FB54C28B6D1F500FC39C3 /* XCRemoteSwiftPackageReference "Kingfisher" */;
			productName = Kingfisher;
		};
		350FB55028B6D62600FC39C3 /* SwiftyJSON */ = {
			isa = XCSwiftPackageProductDependency;
			package = 350FB54F28B6D62600FC39C3 /* XCRemoteSwiftPackageReference "SwiftyJSON" */;
			productName = SwiftyJSON;
		};
		350FB55A28B7015700FC39C3 /* Zip */ = {
			isa = XCSwiftPackageProductDependency;
			package = 350FB55928B7015700FC39C3 /* XCRemoteSwiftPackageReference "Zip" */;
			productName = Zip;
		};
		35177D6228B537BB00A57FF1 /* SnapKit */ = {
			isa = XCSwiftPackageProductDependency;
			package = 35177D6128B537BB00A57FF1 /* XCRemoteSwiftPackageReference "SnapKit" */;
			productName = SnapKit;
		};
		35177D6928B5887800A57FF1 /* Realm */ = {
			isa = XCSwiftPackageProductDependency;
			package = 35177D6828B5887800A57FF1 /* XCRemoteSwiftPackageReference "realm-swift" */;
			productName = Realm;
		};
		35177D6B28B5887800A57FF1 /* RealmSwift */ = {
			isa = XCSwiftPackageProductDependency;
			package = 35177D6828B5887800A57FF1 /* XCRemoteSwiftPackageReference "realm-swift" */;
			productName = RealmSwift;
		};
/* End XCSwiftPackageProductDependency section */
	};
	rootObject = 3573CD7C287BA40300569CB7 /* Project object */;
}
